
Microsoft Visual Studio Solution File, Format Version 12.00
# Visual Studio Version 16
VisualStudioVersion = 16.0.31829.152
MinimumVisualStudioVersion = 10.0.40219.1
Project("{FAE04EC0-301F-11D3-BF4B-00C04F79EFBC}") = "CrawlTopCv", "CrawlTopCv\CrawlTopCv.csproj", "{761337DC-5772-486D-AF80-7662E52B2AFC}"
EndProject
Global
	GlobalSection(SolutionConfigurationPlatforms) = preSolution
		Debug|Any CPU = Debug|Any CPU
		Release|Any CPU = Release|Any CPU
	EndGlobalSection
	GlobalSection(ProjectConfigurationPlatforms) = postSolution
		{761337DC-5772-486D-AF80-7662E52B2AFC}.Debug|Any CPU.ActiveCfg = Debug|Any CPU
		{761337DC-5772-486D-AF80-7662E52B2AFC}.Debug|Any CPU.Build.0 = Debug|Any CPU
		{761337DC-5772-486D-AF80-7662E52B2AFC}.Release|Any CPU.ActiveCfg = Release|Any CPU
		{761337DC-5772-486D-AF80-7662E52B2AFC}.Release|Any CPU.Build.0 = Release|Any CPU
	EndGlobalSection
	GlobalSection(SolutionProperties) = preSolution
		HideSolutionNode = FALSE
	EndGlobalSection
	GlobalSection(ExtensibilityGlobals) = postSolution
		SolutionGuid = {FA2C9F1E-7E80-477A-99AB-BEC787FD5995}
	EndGlobalSection
EndGlobal
